// !$*UTF8*$!
{
	archiveVersion = 1;
	classes = {
	};
	objectVersion = 56;
	objects = {

/* Begin PBXBuildFile section */
		FA4C318E2AF927AA00065FED /* AppDelegate.swift in Sources */ = {isa = PBXBuildFile; fileRef = FA4C318D2AF927AA00065FED /* AppDelegate.swift */; };
		FA4C31902AF927AA00065FED /* SceneDelegate.swift in Sources */ = {isa = PBXBuildFile; fileRef = FA4C318F2AF927AA00065FED /* SceneDelegate.swift */; };
		FA4C31922AF927AA00065FED /* ViewController.swift in Sources */ = {isa = PBXBuildFile; fileRef = FA4C31912AF927AA00065FED /* ViewController.swift */; };
		FA4C31972AF927AD00065FED /* Assets.xcassets in Resources */ = {isa = PBXBuildFile; fileRef = FA4C31962AF927AD00065FED /* Assets.xcassets */; };
		FA4C31B62AF92D1000065FED /* GoogleService-Info.plist in Resources */ = {isa = PBXBuildFile; fileRef = FA4C31B52AF92D1000065FED /* GoogleService-Info.plist */; };
		FA4C31B92AF92DD300065FED /* FirebaseCrashlytics in Frameworks */ = {isa = PBXBuildFile; productRef = FA4C31B82AF92DD300065FED /* FirebaseCrashlytics */; };
		FA4C31BB2AF92DD300065FED /* FirebaseRemoteConfig in Frameworks */ = {isa = PBXBuildFile; productRef = FA4C31BA2AF92DD300065FED /* FirebaseRemoteConfig */; };
		FA4C31BE2AF92EDF00065FED /* SnapKit in Frameworks */ = {isa = PBXBuildFile; productRef = FA4C31BD2AF92EDF00065FED /* SnapKit */; };
/* End PBXBuildFile section */

/* Begin PBXFileReference section */
		FA4C318A2AF927AA00065FED /* BooksDemo.app */ = {isa = PBXFileReference; explicitFileType = wrapper.application; includeInIndex = 0; path = BooksDemo.app; sourceTree = BUILT_PRODUCTS_DIR; };
		FA4C318D2AF927AA00065FED /* AppDelegate.swift */ = {isa = PBXFileReference; lastKnownFileType = sourcecode.swift; path = AppDelegate.swift; sourceTree = "<group>"; };
		FA4C318F2AF927AA00065FED /* SceneDelegate.swift */ = {isa = PBXFileReference; lastKnownFileType = sourcecode.swift; path = SceneDelegate.swift; sourceTree = "<group>"; };
		FA4C31912AF927AA00065FED /* ViewController.swift */ = {isa = PBXFileReference; lastKnownFileType = sourcecode.swift; path = ViewController.swift; sourceTree = "<group>"; };
		FA4C31962AF927AD00065FED /* Assets.xcassets */ = {isa = PBXFileReference; lastKnownFileType = folder.assetcatalog; path = Assets.xcassets; sourceTree = "<group>"; };
		FA4C319B2AF927AD00065FED /* Info.plist */ = {isa = PBXFileReference; lastKnownFileType = text.plist.xml; path = Info.plist; sourceTree = "<group>"; };
		FA4C31B52AF92D1000065FED /* GoogleService-Info.plist */ = {isa = PBXFileReference; fileEncoding = 4; lastKnownFileType = text.plist.xml; path = "GoogleService-Info.plist"; sourceTree = "<group>"; };
/* End PBXFileReference section */

/* Begin PBXFrameworksBuildPhase section */
		FA4C31872AF927AA00065FED /* Frameworks */ = {
			isa = PBXFrameworksBuildPhase;
			buildActionMask = 2147483647;
			files = (
				FA4C31BE2AF92EDF00065FED /* SnapKit in Frameworks */,
				FA4C31B92AF92DD300065FED /* FirebaseCrashlytics in Frameworks */,
				FA4C31BB2AF92DD300065FED /* FirebaseRemoteConfig in Frameworks */,
			);
			runOnlyForDeploymentPostprocessing = 0;
		};
/* End PBXFrameworksBuildPhase section */

/* Begin PBXGroup section */
		FA4C31812AF927AA00065FED = {
			isa = PBXGroup;
			children = (
				FA4C318C2AF927AA00065FED /* BooksDemo */,
				FA4C318B2AF927AA00065FED /* Products */,
			);
			sourceTree = "<group>";
		};
		FA4C318B2AF927AA00065FED /* Products */ = {
			isa = PBXGroup;
			children = (
				FA4C318A2AF927AA00065FED /* BooksDemo.app */,
			);
			name = Products;
			sourceTree = "<group>";
		};
		FA4C318C2AF927AA00065FED /* BooksDemo */ = {
			isa = PBXGroup;
			children = (
				FA4C31A12AF9282900065FED /* Aplication */,
				FA4C31A22AF9285E00065FED /* Data */,
				FA4C31A32AF9286600065FED /* Domain */,
				FA4C31A42AF9287100065FED /* Presentation */,
				FA4C31912AF927AA00065FED /* ViewController.swift */,
				FA4C31962AF927AD00065FED /* Assets.xcassets */,
				FA4C319B2AF927AD00065FED /* Info.plist */,
				FA4C31B52AF92D1000065FED /* GoogleService-Info.plist */,
			);
			path = BooksDemo;
			sourceTree = "<group>";
		};
		FA4C31A12AF9282900065FED /* Aplication */ = {
			isa = PBXGroup;
			children = (
				FA4C318D2AF927AA00065FED /* AppDelegate.swift */,
				FA4C318F2AF927AA00065FED /* SceneDelegate.swift */,
			);
			path = Aplication;
			sourceTree = "<group>";
		};
		FA4C31A22AF9285E00065FED /* Data */ = {
			isa = PBXGroup;
			children = (
				FA4C31B22AF9298900065FED /* Services */,
				FA4C31B12AF9293D00065FED /* Repositories */,
			);
			path = Data;
			sourceTree = "<group>";
		};
		FA4C31A32AF9286600065FED /* Domain */ = {
			isa = PBXGroup;
			children = (
				FA4C31B02AF9292D00065FED /* Entities */,
				FA4C31AE2AF9291100065FED /* Interfaces */,
			);
			path = Domain;
			sourceTree = "<group>";
		};
		FA4C31A42AF9287100065FED /* Presentation */ = {
			isa = PBXGroup;
			children = (
				FA4C31B32AF929D200065FED /* Utils */,
				FA4C31AB2AF928E100065FED /* BookDetails */,
				FA4C31A82AF928C400065FED /* BookList */,
				FA4C31A52AF9289600065FED /* Launch */,
			);
			path = Presentation;
			sourceTree = "<group>";
		};
		FA4C31A52AF9289600065FED /* Launch */ = {
			isa = PBXGroup;
			children = (
				FA4C31A72AF928B400065FED /* ViewModels */,
				FA4C31A62AF928A300065FED /* Views */,
			);
			path = Launch;
			sourceTree = "<group>";
		};
		FA4C31A62AF928A300065FED /* Views */ = {
			isa = PBXGroup;
			children = (
			);
			path = Views;
			sourceTree = "<group>";
		};
		FA4C31A72AF928B400065FED /* ViewModels */ = {
			isa = PBXGroup;
			children = (
			);
			path = ViewModels;
			sourceTree = "<group>";
		};
		FA4C31A82AF928C400065FED /* BookList */ = {
			isa = PBXGroup;
			children = (
				FA4C31AA2AF928D800065FED /* ViewModels */,
				FA4C31A92AF928CF00065FED /* Views */,
			);
			path = BookList;
			sourceTree = "<group>";
		};
		FA4C31A92AF928CF00065FED /* Views */ = {
			isa = PBXGroup;
			children = (
			);
			path = Views;
			sourceTree = "<group>";
		};
		FA4C31AA2AF928D800065FED /* ViewModels */ = {
			isa = PBXGroup;
			children = (
			);
			path = ViewModels;
			sourceTree = "<group>";
		};
		FA4C31AB2AF928E100065FED /* BookDetails */ = {
			isa = PBXGroup;
			children = (
				FA4C31AD2AF928FA00065FED /* ViewModels */,
				FA4C31AC2AF928ED00065FED /* Views */,
			);
			path = BookDetails;
			sourceTree = "<group>";
		};
		FA4C31AC2AF928ED00065FED /* Views */ = {
			isa = PBXGroup;
			children = (
			);
			path = Views;
			sourceTree = "<group>";
		};
		FA4C31AD2AF928FA00065FED /* ViewModels */ = {
			isa = PBXGroup;
			children = (
			);
			path = ViewModels;
			sourceTree = "<group>";
		};
		FA4C31AE2AF9291100065FED /* Interfaces */ = {
			isa = PBXGroup;
			children = (
				FA4C31AF2AF9291D00065FED /* Repositories */,
			);
			path = Interfaces;
			sourceTree = "<group>";
		};
		FA4C31AF2AF9291D00065FED /* Repositories */ = {
			isa = PBXGroup;
			children = (
			);
			path = Repositories;
			sourceTree = "<group>";
		};
		FA4C31B02AF9292D00065FED /* Entities */ = {
			isa = PBXGroup;
			children = (
			);
			path = Entities;
			sourceTree = "<group>";
		};
		FA4C31B12AF9293D00065FED /* Repositories */ = {
			isa = PBXGroup;
			children = (
			);
			path = Repositories;
			sourceTree = "<group>";
		};
		FA4C31B22AF9298900065FED /* Services */ = {
			isa = PBXGroup;
			children = (
			);
			path = Services;
			sourceTree = "<group>";
		};
		FA4C31B32AF929D200065FED /* Utils */ = {
			isa = PBXGroup;
			children = (
				FA4C31B42AF929EA00065FED /* Resources */,
			);
			path = Utils;
			sourceTree = "<group>";
		};
		FA4C31B42AF929EA00065FED /* Resources */ = {
			isa = PBXGroup;
			children = (
			);
			path = Resources;
			sourceTree = "<group>";
		};
/* End PBXGroup section */

/* Begin PBXNativeTarget section */
		FA4C31892AF927AA00065FED /* BooksDemo */ = {
			isa = PBXNativeTarget;
			buildConfigurationList = FA4C319E2AF927AD00065FED /* Build configuration list for PBXNativeTarget "BooksDemo" */;
			buildPhases = (
				FA4C31862AF927AA00065FED /* Sources */,
				FA4C31872AF927AA00065FED /* Frameworks */,
				FA4C31882AF927AA00065FED /* Resources */,
			);
			buildRules = (
			);
			dependencies = (
			);
			name = BooksDemo;
			packageProductDependencies = (
				FA4C31B82AF92DD300065FED /* FirebaseCrashlytics */,
				FA4C31BA2AF92DD300065FED /* FirebaseRemoteConfig */,
				FA4C31BD2AF92EDF00065FED /* SnapKit */,
			);
			productName = BooksDemo;
			productReference = FA4C318A2AF927AA00065FED /* BooksDemo.app */;
			productType = "com.apple.product-type.application";
		};
/* End PBXNativeTarget section */

/* Begin PBXProject section */
		FA4C31822AF927AA00065FED /* Project object */ = {
			isa = PBXProject;
			attributes = {
				BuildIndependentTargetsInParallel = 1;
				LastSwiftUpdateCheck = 1430;
				LastUpgradeCheck = 1430;
				TargetAttributes = {
					FA4C31892AF927AA00065FED = {
						CreatedOnToolsVersion = 14.3;
					};
				};
			};
			buildConfigurationList = FA4C31852AF927AA00065FED /* Build configuration list for PBXProject "BooksDemo" */;
			compatibilityVersion = "Xcode 14.0";
			developmentRegion = en;
			hasScannedForEncodings = 0;
			knownRegions = (
				en,
				Base,
			);
			mainGroup = FA4C31812AF927AA00065FED;
			packageReferences = (
				FA4C31B72AF92DD300065FED /* XCRemoteSwiftPackageReference "firebase-ios-sdk" */,
				FA4C31BC2AF92EDF00065FED /* XCRemoteSwiftPackageReference "SnapKit" */,
			);
			productRefGroup = FA4C318B2AF927AA00065FED /* Products */;
			projectDirPath = "";
			projectRoot = "";
			targets = (
				FA4C31892AF927AA00065FED /* BooksDemo */,
			);
		};
/* End PBXProject section */

/* Begin PBXResourcesBuildPhase section */
		FA4C31882AF927AA00065FED /* Resources */ = {
			isa = PBXResourcesBuildPhase;
			buildActionMask = 2147483647;
			files = (
				FA4C31972AF927AD00065FED /* Assets.xcassets in Resources */,
				FA4C31B62AF92D1000065FED /* GoogleService-Info.plist in Resources */,
			);
			runOnlyForDeploymentPostprocessing = 0;
		};
/* End PBXResourcesBuildPhase section */

/* Begin PBXSourcesBuildPhase section */
		FA4C31862AF927AA00065FED /* Sources */ = {
			isa = PBXSourcesBuildPhase;
			buildActionMask = 2147483647;
			files = (
				FA4C31922AF927AA00065FED /* ViewController.swift in Sources */,
				FA4C318E2AF927AA00065FED /* AppDelegate.swift in Sources */,
				FA4C31902AF927AA00065FED /* SceneDelegate.swift in Sources */,
			);
			runOnlyForDeploymentPostprocessing = 0;
		};
/* End PBXSourcesBuildPhase section */

/* Begin XCBuildConfiguration section */
		FA4C319C2AF927AD00065FED /* Debug */ = {
			isa = XCBuildConfiguration;
			buildSettings = {
				ALWAYS_SEARCH_USER_PATHS = NO;
				CLANG_ANALYZER_NONNULL = YES;
				CLANG_ANALYZER_NUMBER_OBJECT_CONVERSION = YES_AGGRESSIVE;
				CLANG_CXX_LANGUAGE_STANDARD = "gnu++20";
				CLANG_ENABLE_MODULES = YES;
				CLANG_ENABLE_OBJC_ARC = YES;
				CLANG_ENABLE_OBJC_WEAK = YES;
				CLANG_WARN_BLOCK_CAPTURE_AUTORELEASING = YES;
				CLANG_WARN_BOOL_CONVERSION = YES;
				CLANG_WARN_COMMA = YES;
				CLANG_WARN_CONSTANT_CONVERSION = YES;
				CLANG_WARN_DEPRECATED_OBJC_IMPLEMENTATIONS = YES;
				CLANG_WARN_DIRECT_OBJC_ISA_USAGE = YES_ERROR;
				CLANG_WARN_DOCUMENTATION_COMMENTS = YES;
				CLANG_WARN_EMPTY_BODY = YES;
				CLANG_WARN_ENUM_CONVERSION = YES;
				CLANG_WARN_INFINITE_RECURSION = YES;
				CLANG_WARN_INT_CONVERSION = YES;
				CLANG_WARN_NON_LITERAL_NULL_CONVERSION = YES;
				CLANG_WARN_OBJC_IMPLICIT_RETAIN_SELF = YES;
				CLANG_WARN_OBJC_LITERAL_CONVERSION = YES;
				CLANG_WARN_OBJC_ROOT_CLASS = YES_ERROR;
				CLANG_WARN_QUOTED_INCLUDE_IN_FRAMEWORK_HEADER = YES;
				CLANG_WARN_RANGE_LOOP_ANALYSIS = YES;
				CLANG_WARN_STRICT_PROTOTYPES = YES;
				CLANG_WARN_SUSPICIOUS_MOVE = YES;
				CLANG_WARN_UNGUARDED_AVAILABILITY = YES_AGGRESSIVE;
				CLANG_WARN_UNREACHABLE_CODE = YES;
				CLANG_WARN__DUPLICATE_METHOD_MATCH = YES;
				COPY_PHASE_STRIP = NO;
				DEBUG_INFORMATION_FORMAT = dwarf;
				ENABLE_STRICT_OBJC_MSGSEND = YES;
				ENABLE_TESTABILITY = YES;
				GCC_C_LANGUAGE_STANDARD = gnu11;
				GCC_DYNAMIC_NO_PIC = NO;
				GCC_NO_COMMON_BLOCKS = YES;
				GCC_OPTIMIZATION_LEVEL = 0;
				GCC_PREPROCESSOR_DEFINITIONS = (
					"DEBUG=1",
					"$(inherited)",
				);
				GCC_WARN_64_TO_32_BIT_CONVERSION = YES;
				GCC_WARN_ABOUT_RETURN_TYPE = YES_ERROR;
				GCC_WARN_UNDECLARED_SELECTOR = YES;
				GCC_WARN_UNINITIALIZED_AUTOS = YES_AGGRESSIVE;
				GCC_WARN_UNUSED_FUNCTION = YES;
				GCC_WARN_UNUSED_VARIABLE = YES;
				IPHONEOS_DEPLOYMENT_TARGET = 16.4;
				MTL_ENABLE_DEBUG_INFO = INCLUDE_SOURCE;
				MTL_FAST_MATH = YES;
				ONLY_ACTIVE_ARCH = YES;
				SDKROOT = iphoneos;
				SWIFT_ACTIVE_COMPILATION_CONDITIONS = DEBUG;
				SWIFT_OPTIMIZATION_LEVEL = "-Onone";
			};
			name = Debug;
		};
		FA4C319D2AF927AD00065FED /* Release */ = {
			isa = XCBuildConfiguration;
			buildSettings = {
				ALWAYS_SEARCH_USER_PATHS = NO;
				CLANG_ANALYZER_NONNULL = YES;
				CLANG_ANALYZER_NUMBER_OBJECT_CONVERSION = YES_AGGRESSIVE;
				CLANG_CXX_LANGUAGE_STANDARD = "gnu++20";
				CLANG_ENABLE_MODULES = YES;
				CLANG_ENABLE_OBJC_ARC = YES;
				CLANG_ENABLE_OBJC_WEAK = YES;
				CLANG_WARN_BLOCK_CAPTURE_AUTORELEASING = YES;
				CLANG_WARN_BOOL_CONVERSION = YES;
				CLANG_WARN_COMMA = YES;
				CLANG_WARN_CONSTANT_CONVERSION = YES;
				CLANG_WARN_DEPRECATED_OBJC_IMPLEMENTATIONS = YES;
				CLANG_WARN_DIRECT_OBJC_ISA_USAGE = YES_ERROR;
				CLANG_WARN_DOCUMENTATION_COMMENTS = YES;
				CLANG_WARN_EMPTY_BODY = YES;
				CLANG_WARN_ENUM_CONVERSION = YES;
				CLANG_WARN_INFINITE_RECURSION = YES;
				CLANG_WARN_INT_CONVERSION = YES;
				CLANG_WARN_NON_LITERAL_NULL_CONVERSION = YES;
				CLANG_WARN_OBJC_IMPLICIT_RETAIN_SELF = YES;
				CLANG_WARN_OBJC_LITERAL_CONVERSION = YES;
				CLANG_WARN_OBJC_ROOT_CLASS = YES_ERROR;
				CLANG_WARN_QUOTED_INCLUDE_IN_FRAMEWORK_HEADER = YES;
				CLANG_WARN_RANGE_LOOP_ANALYSIS = YES;
				CLANG_WARN_STRICT_PROTOTYPES = YES;
				CLANG_WARN_SUSPICIOUS_MOVE = YES;
				CLANG_WARN_UNGUARDED_AVAILABILITY = YES_AGGRESSIVE;
				CLANG_WARN_UNREACHABLE_CODE = YES;
				CLANG_WARN__DUPLICATE_METHOD_MATCH = YES;
				COPY_PHASE_STRIP = NO;
				DEBUG_INFORMATION_FORMAT = "dwarf-with-dsym";
				ENABLE_NS_ASSERTIONS = NO;
				ENABLE_STRICT_OBJC_MSGSEND = YES;
				GCC_C_LANGUAGE_STANDARD = gnu11;
				GCC_NO_COMMON_BLOCKS = YES;
				GCC_WARN_64_TO_32_BIT_CONVERSION = YES;
				GCC_WARN_ABOUT_RETURN_TYPE = YES_ERROR;
				GCC_WARN_UNDECLARED_SELECTOR = YES;
				GCC_WARN_UNINITIALIZED_AUTOS = YES_AGGRESSIVE;
				GCC_WARN_UNUSED_FUNCTION = YES;
				GCC_WARN_UNUSED_VARIABLE = YES;
				IPHONEOS_DEPLOYMENT_TARGET = 16.4;
				MTL_ENABLE_DEBUG_INFO = NO;
				MTL_FAST_MATH = YES;
				SDKROOT = iphoneos;
				SWIFT_COMPILATION_MODE = wholemodule;
				SWIFT_OPTIMIZATION_LEVEL = "-O";
				VALIDATE_PRODUCT = YES;
			};
			name = Release;
		};
		FA4C319F2AF927AD00065FED /* Debug */ = {
			isa = XCBuildConfiguration;
			buildSettings = {
				ASSETCATALOG_COMPILER_APPICON_NAME = AppIcon;
				ASSETCATALOG_COMPILER_GLOBAL_ACCENT_COLOR_NAME = AccentColor;
				CODE_SIGN_STYLE = Automatic;
				CURRENT_PROJECT_VERSION = 1;
				DEVELOPMENT_TEAM = Q9GF9NY6A4;
				GENERATE_INFOPLIST_FILE = YES;
				INFOPLIST_FILE = BooksDemo/Info.plist;
				INFOPLIST_KEY_UIApplicationSupportsIndirectInputEvents = YES;
				INFOPLIST_KEY_UILaunchStoryboardName = LaunchScreen;
				INFOPLIST_KEY_UIMainStoryboardFile = Main;
				INFOPLIST_KEY_UISupportedInterfaceOrientations_iPad = "UIInterfaceOrientationPortrait UIInterfaceOrientationPortraitUpsideDown UIInterfaceOrientationLandscapeLeft UIInterfaceOrientationLandscapeRight";
				INFOPLIST_KEY_UISupportedInterfaceOrientations_iPhone = "UIInterfaceOrientationPortrait UIInterfaceOrientationLandscapeLeft UIInterfaceOrientationLandscapeRight";
				IPHONEOS_DEPLOYMENT_TARGET = 15.0;
				LD_RUNPATH_SEARCH_PATHS = (
					"$(inherited)",
					"@executable_path/Frameworks",
				);
				MARKETING_VERSION = 1.0;
				PRODUCT_BUNDLE_IDENTIFIER = com.books.app;
				PRODUCT_NAME = "$(TARGET_NAME)";
				SWIFT_EMIT_LOC_STRINGS = YES;
				SWIFT_VERSION = 5.0;
				TARGETED_DEVICE_FAMILY = "1,2";
			};
			name = Debug;
		};
		FA4C31A02AF927AD00065FED /* Release */ = {
			isa = XCBuildConfiguration;
			buildSettings = {
				ASSETCATALOG_COMPILER_APPICON_NAME = AppIcon;
				ASSETCATALOG_COMPILER_GLOBAL_ACCENT_COLOR_NAME = AccentColor;
				CODE_SIGN_STYLE = Automatic;
				CURRENT_PROJECT_VERSION = 1;
				DEVELOPMENT_TEAM = Q9GF9NY6A4;
				GENERATE_INFOPLIST_FILE = YES;
				INFOPLIST_FILE = BooksDemo/Info.plist;
				INFOPLIST_KEY_UIApplicationSupportsIndirectInputEvents = YES;
				INFOPLIST_KEY_UILaunchStoryboardName = LaunchScreen;
				INFOPLIST_KEY_UIMainStoryboardFile = Main;
				INFOPLIST_KEY_UISupportedInterfaceOrientations_iPad = "UIInterfaceOrientationPortrait UIInterfaceOrientationPortraitUpsideDown UIInterfaceOrientationLandscapeLeft UIInterfaceOrientationLandscapeRight";
				INFOPLIST_KEY_UISupportedInterfaceOrientations_iPhone = "UIInterfaceOrientationPortrait UIInterfaceOrientationLandscapeLeft UIInterfaceOrientationLandscapeRight";
				IPHONEOS_DEPLOYMENT_TARGET = 15.0;
				LD_RUNPATH_SEARCH_PATHS = (
					"$(inherited)",
					"@executable_path/Frameworks",
				);
				MARKETING_VERSION = 1.0;
				PRODUCT_BUNDLE_IDENTIFIER = com.books.app;
				PRODUCT_NAME = "$(TARGET_NAME)";
				SWIFT_EMIT_LOC_STRINGS = YES;
				SWIFT_VERSION = 5.0;
				TARGETED_DEVICE_FAMILY = "1,2";
			};
			name = Release;
		};
/* End XCBuildConfiguration section */

/* Begin XCConfigurationList section */
		FA4C31852AF927AA00065FED /* Build configuration list for PBXProject "BooksDemo" */ = {
			isa = XCConfigurationList;
			buildConfigurations = (
				FA4C319C2AF927AD00065FED /* Debug */,
				FA4C319D2AF927AD00065FED /* Release */,
			);
			defaultConfigurationIsVisible = 0;
			defaultConfigurationName = Release;
		};
		FA4C319E2AF927AD00065FED /* Build configuration list for PBXNativeTarget "BooksDemo" */ = {
			isa = XCConfigurationList;
			buildConfigurations = (
				FA4C319F2AF927AD00065FED /* Debug */,
				FA4C31A02AF927AD00065FED /* Release */,
			);
			defaultConfigurationIsVisible = 0;
			defaultConfigurationName = Release;
		};
/* End XCConfigurationList section */

/* Begin XCRemoteSwiftPackageReference section */
		FA4C31B72AF92DD300065FED /* XCRemoteSwiftPackageReference "firebase-ios-sdk" */ = {
			isa = XCRemoteSwiftPackageReference;
			repositoryURL = "https://github.com/firebase/firebase-ios-sdk";
			requirement = {
				kind = upToNextMajorVersion;
				minimumVersion = 10.0.0;
			};
		};
		FA4C31BC2AF92EDF00065FED /* XCRemoteSwiftPackageReference "SnapKit" */ = {
			isa = XCRemoteSwiftPackageReference;
			repositoryURL = "https://github.com/SnapKit/SnapKit.git";
			requirement = {
				kind = upToNextMajorVersion;
				minimumVersion = 5.0.0;
			};
		};
/* End XCRemoteSwiftPackageReference section */

/* Begin XCSwiftPackageProductDependency section */
		FA4C31B82AF92DD300065FED /* FirebaseCrashlytics */ = {
			isa = XCSwiftPackageProductDependency;
			package = FA4C31B72AF92DD300065FED /* XCRemoteSwiftPackageReference "firebase-ios-sdk" */;
			productName = FirebaseCrashlytics;
		};
		FA4C31BA2AF92DD300065FED /* FirebaseRemoteConfig */ = {
			isa = XCSwiftPackageProductDependency;
			package = FA4C31B72AF92DD300065FED /* XCRemoteSwiftPackageReference "firebase-ios-sdk" */;
			productName = FirebaseRemoteConfig;
		};
		FA4C31BD2AF92EDF00065FED /* SnapKit */ = {
			isa = XCSwiftPackageProductDependency;
			package = FA4C31BC2AF92EDF00065FED /* XCRemoteSwiftPackageReference "SnapKit" */;
			productName = SnapKit;
		};
/* End XCSwiftPackageProductDependency section */
	};
	rootObject = FA4C31822AF927AA00065FED /* Project object */;
}
